
Microsoft Visual Studio Solution File, Format Version 12.00
# Visual Studio Version 17
VisualStudioVersion = 17.9.34728.123
MinimumVisualStudioVersion = 10.0.40219.1
Project("{FAE04EC0-301F-11D3-BF4B-00C04F79EFBC}") = "KnowledgeCheck2Keyboard", "KnowledgeCheck2Keyboard\KnowledgeCheck2Keyboard.csproj", "{5EE69C7D-8141-40D3-99DC-BBFD492DD8B0}"
EndProject
Global
	GlobalSection(SolutionConfigurationPlatforms) = preSolution
		Debug|Any CPU = Debug|Any CPU
		Release|Any CPU = Release|Any CPU
	EndGlobalSection
	GlobalSection(ProjectConfigurationPlatforms) = postSolution
		{5EE69C7D-8141-40D3-99DC-BBFD492DD8B0}.Debug|Any CPU.ActiveCfg = Debug|Any CPU
		{5EE69C7D-8141-40D3-99DC-BBFD492DD8B0}.Debug|Any CPU.Build.0 = Debug|Any CPU
		{5EE69C7D-8141-40D3-99DC-BBFD492DD8B0}.Release|Any CPU.ActiveCfg = Release|Any CPU
		{5EE69C7D-8141-40D3-99DC-BBFD492DD8B0}.Release|Any CPU.Build.0 = Release|Any CPU
	EndGlobalSection
	GlobalSection(SolutionProperties) = preSolution
		HideSolutionNode = FALSE
	EndGlobalSection
	GlobalSection(ExtensibilityGlobals) = postSolution
		SolutionGuid = {E288BB72-2EA9-4117-B123-09556D11A82F}
	EndGlobalSection
EndGlobal
